<?xml version="1.0" encoding="utf-8"?>
<Project ToolsVersion="4.0" xmlns="http://schemas.microsoft.com/developer/msbuild/2003">
  <ItemGroup>
    <Filter Include="Library">
      <UniqueIdentifier>{d5173dcf-2786-4f98-bd55-d03549637dfe}</UniqueIdentifier>
    </Filter>
    <Filter Include="Src">
      <UniqueIdentifier>{80d0a5a9-6779-4863-bede-cc22a4986dc5}</UniqueIdentifier>
    </Filter>
    <Filter Include="Src\Framework">
      <UniqueIdentifier>{f5928314-3ee2-4e39-abfa-d93aa9ee5891}</UniqueIdentifier>
    </Filter>
    <Filter Include="Src\Framework\Direct3D">
      <UniqueIdentifier>{f193abd5-e51c-466e-a937-722bc9175e9a}</UniqueIdentifier>
    </Filter>
    <Filter Include="Src\Framework\Utility">
      <UniqueIdentifier>{f5d733b1-5031-4659-a9d4-0dd3add1e5fb}</UniqueIdentifier>
    </Filter>
    <Filter Include="Src\Framework\Window">
      <UniqueIdentifier>{cb022f2a-c5a2-449b-9b70-5110aff8550f}</UniqueIdentifier>
    </Filter>
    <Filter Include="Library\tinygltf">
      <UniqueIdentifier>{307bfbcd-124f-4ad7-85f5-3fd94f814b1f}</UniqueIdentifier>
    </Filter>
    <Filter Include="Src\Framework\Shader">
      <UniqueIdentifier>{93543c0c-58fe-4a94-8279-7be3021b65b1}</UniqueIdentifier>
    </Filter>
    <Filter Include="Src\Framework\Shader\SpriteShader">
      <UniqueIdentifier>{2da4d471-f4e8-4b2d-bdef-b93f91523b8b}</UniqueIdentifier>
    </Filter>
    <Filter Include="Src\Application">
      <UniqueIdentifier>{d0d0f9cf-dabd-4346-bc9a-d9c04cf42372}</UniqueIdentifier>
    </Filter>
    <Filter Include="Src\Framework\Math">
      <UniqueIdentifier>{04f33e76-24f0-4a58-9355-5770b3f6f9c6}</UniqueIdentifier>
    </Filter>
    <Filter Include="Src\Framework\Audio">
      <UniqueIdentifier>{2a0de30f-d7e8-4517-a9a1-20de6e434592}</UniqueIdentifier>
    </Filter>
    <Filter Include="Src\Framework\Shader\HD2DShader">
      <UniqueIdentifier>{857913be-4481-4606-9719-87518d4a6aeb}</UniqueIdentifier>
    </Filter>
    <Filter Include="Src\System">
      <UniqueIdentifier>{256347e2-b865-40db-a803-ea2406075a10}</UniqueIdentifier>
    </Filter>
    <Filter Include="Src\Framework\Shader\PostProcessShader">
      <UniqueIdentifier>{bfef98c3-f0b2-41b1-b813-6f298072287b}</UniqueIdentifier>
    </Filter>
    <Filter Include="Src\System">
      <UniqueIdentifier>{4bdc25a2-3137-4213-a263-36b8d2ec5162}</UniqueIdentifier>
    </Filter>
    <Filter Include="Src\Framework\GameObject">
      <UniqueIdentifier>{d45ba257-913b-44e3-a012-888d7b6f2b68}</UniqueIdentifier>
    </Filter>
    <Filter Include="Src\Framework\Input">
      <UniqueIdentifier>{9bd33b87-53db-4bc0-b98d-80db98f4ba9b}</UniqueIdentifier>
    </Filter>
    <Filter Include="Src\Framework\Direct3D\Polygon">
      <UniqueIdentifier>{b91bce2d-4487-485a-a855-b2bb6ce0d30b}</UniqueIdentifier>
    </Filter>
    <Filter Include="Asset">
      <UniqueIdentifier>{1a7d4dec-153a-4857-bf4d-cd1f32ae22b3}</UniqueIdentifier>
    </Filter>
    <Filter Include="Asset\Json">
      <UniqueIdentifier>{314161a4-3a52-479e-b811-5ea09cebf353}</UniqueIdentifier>
    </Filter>
    <Filter Include="Library\imgui">
      <UniqueIdentifier>{08491034-40ef-4194-a38d-d61c194fb0c0}</UniqueIdentifier>
    </Filter>
    <Filter Include="Src\Application\Scene">
      <UniqueIdentifier>{74b72b55-eb07-442b-85bf-3b65a2e570db}</UniqueIdentifier>
    </Filter>
    <Filter Include="Src\Application\Scene\TitleScene">
      <UniqueIdentifier>{94f796f1-7476-4b68-afa4-bd4899fc1caf}</UniqueIdentifier>
    </Filter>
    <Filter Include="Src\Application\Scene\GameScene">
      <UniqueIdentifier>{44c81e99-299a-41b3-a98b-98a330379f44}</UniqueIdentifier>
    </Filter>
    <Filter Include="Src\Application\Scene\ResultScene">
      <UniqueIdentifier>{85b3cf35-2741-47c6-b03d-66dea0287269}</UniqueIdentifier>
    </Filter>
    <Filter Include="Src\Application\Scene\BaseScene">
      <UniqueIdentifier>{ba3cf079-aa86-401e-9e85-df5b91e1d686}</UniqueIdentifier>
    </Filter>
    <Filter Include="Src\Application\GameObject">
      <UniqueIdentifier>{5a909659-5772-4ee8-ae2d-b2c3fea223c6}</UniqueIdentifier>
    </Filter>
    <Filter Include="Src\Application\GameObject\Player">
      <UniqueIdentifier>{fe6618a5-b384-4f41-9d71-8ffa155458bd}</UniqueIdentifier>
    </Filter>
    <Filter Include="Src\Application\GameObject\Ground">
      <UniqueIdentifier>{37dd4956-04b2-4ad9-8fe0-e0c8f0f3c6bb}</UniqueIdentifier>
    </Filter>
    <Filter Include="Src\Application\GameObject\Camera">
      <UniqueIdentifier>{345b49c1-0e02-479a-9e66-e3e58fb3aa13}</UniqueIdentifier>
    </Filter>
    <Filter Include="Src\Application\GameObject\Camera\TPSCamera">
      <UniqueIdentifier>{ff1c19a9-ba6d-4c98-8350-671fd777abfa}</UniqueIdentifier>
    </Filter>
    <Filter Include="Asset\Json\Player">
      <UniqueIdentifier>{318bb4d4-cfb4-44a6-8643-da09cfcba45d}</UniqueIdentifier>
    </Filter>
    <Filter Include="Src\Application\GameObject\Enemy">
      <UniqueIdentifier>{1d6b4e3d-3567-43d7-b5a4-b5ada42d38f6}</UniqueIdentifier>
    </Filter>
    <Filter Include="Src\Application\StatePattern">
      <UniqueIdentifier>{ec5a72f1-e9d6-4b06-b402-2f372ceaaff9}</UniqueIdentifier>
    </Filter>
    <Filter Include="Src\Application\StatePattern\PlayerState">
      <UniqueIdentifier>{ae5ab666-0090-40c8-b620-08f60b2d3237}</UniqueIdentifier>
    </Filter>
    <Filter Include="Src\Application\StatePattern\EnemyState">
      <UniqueIdentifier>{d83f200c-f051-491c-abfe-9f809a198f91}</UniqueIdentifier>
    </Filter>
    <Filter Include="Src\Application\StatePattern\PlayerState\StateList">
      <UniqueIdentifier>{fe72136e-5cf8-4dcb-9632-d1a927212244}</UniqueIdentifier>
    </Filter>
    <Filter Include="Src\Application\StatePattern\PlayerState\StateList\AttackState">
      <UniqueIdentifier>{6b1af61e-da7a-45b2-9f51-561245de30c7}</UniqueIdentifier>
    </Filter>
    <Filter Include="Src\Application\StatePattern\PlayerState\StateList\AvoidanceState">
      <UniqueIdentifier>{cd62f868-89fb-46a9-af2b-280b2ad20cd1}</UniqueIdentifier>
    </Filter>
    <Filter Include="Src\Application\StatePattern\PlayerState\StateList\DamageState">
      <UniqueIdentifier>{6b72b61f-20dc-4d3e-9a24-215af7cefd6d}</UniqueIdentifier>
    </Filter>
    <Filter Include="Src\Application\StatePattern\PlayerState\StateList\IdleState">
      <UniqueIdentifier>{f09078be-afc6-4f99-9088-a51f1fd803ba}</UniqueIdentifier>
    </Filter>
    <Filter Include="Src\Application\StatePattern\PlayerState\StateList\JumpState">
      <UniqueIdentifier>{18aa7a02-c865-4380-bc16-d06d604fe6e0}</UniqueIdentifier>
    </Filter>
    <Filter Include="Src\Application\StatePattern\PlayerState\StateList\LoseState">
      <UniqueIdentifier>{ce6634a3-dd32-4edf-91b7-925d971f00a0}</UniqueIdentifier>
    </Filter>
    <Filter Include="Src\Application\StatePattern\PlayerState\StateList\RunState">
      <UniqueIdentifier>{cb29f0ea-bd25-440d-9f2d-64ab37da862f}</UniqueIdentifier>
    </Filter>
    <Filter Include="Src\Application\StatePattern\EnemyState\StateList">
      <UniqueIdentifier>{dbd7781a-49b7-4751-b33c-b5d4e8a6171b}</UniqueIdentifier>
    </Filter>
    <Filter Include="Src\Application\StatePattern\EnemyState\StateList\JumpState">
      <UniqueIdentifier>{dab8d46a-8d79-4b5c-a752-8af84d0ada7e}</UniqueIdentifier>
    </Filter>
    <Filter Include="Src\Application\StatePattern\EnemyState\StateList\RushState">
      <UniqueIdentifier>{a471c99e-0a2f-4019-a10d-e1037e1a96a2}</UniqueIdentifier>
    </Filter>
    <Filter Include="Src\Application\StatePattern\EnemyState\StateList\WalkState">
      <UniqueIdentifier>{5ed99f7e-8e6e-40f8-821d-f8ae10f6b686}</UniqueIdentifier>
    </Filter>
    <Filter Include="Src\Application\StatePattern\EnemyState\StateList\IdleState">
      <UniqueIdentifier>{5b1705a4-c293-418c-8511-9ee76e248741}</UniqueIdentifier>
    </Filter>
    <Filter Include="Src\Application\GameObject\Sky">
      <UniqueIdentifier>{13d9bc1a-52db-4792-98f8-11a7402b4e29}</UniqueIdentifier>
    </Filter>
    <Filter Include="Src\Application\GameObject\UI">
      <UniqueIdentifier>{8a4e6c55-6286-4780-b9c0-2aa759d86e1a}</UniqueIdentifier>
    </Filter>
    <Filter Include="Src\Application\GameObject\UI\TitleUI">
      <UniqueIdentifier>{e30d04ce-8838-4e40-9b4d-51dbd97cca29}</UniqueIdentifier>
    </Filter>
    <Filter Include="Src\Application\GameObject\Camera\TitleCamera">
      <UniqueIdentifier>{7abfb083-ba82-4533-8b61-2fca19e1b040}</UniqueIdentifier>
    </Filter>
  </ItemGroup>
  <ItemGroup>
    <ClInclude Include="src\Pch.h">
      <Filter>Src</Filter>
    </ClInclude>
    <ClInclude Include="..\Library\tinygltf\json.hpp">
      <Filter>Library\tinygltf</Filter>
    </ClInclude>
    <ClInclude Include="..\Library\tinygltf\stb_image.h">
      <Filter>Library\tinygltf</Filter>
    </ClInclude>
    <ClInclude Include="..\Library\tinygltf\stb_image_write.h">
      <Filter>Library\tinygltf</Filter>
    </ClInclude>
    <ClInclude Include="..\Library\tinygltf\tiny_gltf.h">
      <Filter>Library\tinygltf</Filter>
    </ClInclude>
    <ClInclude Include="Src\Application\main.h">
      <Filter>Src\Application</Filter>
    </ClInclude>
    <ClInclude Include="src\Framework\Direct3D\KdDirect3D.h">
      <Filter>Src\Framework\Direct3D</Filter>
    </ClInclude>
    <ClInclude Include="src\Framework\Direct3D\KdTexture.h">
      <Filter>Src\Framework\Direct3D</Filter>
    </ClInclude>
    <ClInclude Include="src\Framework\Direct3D\KdBuffer.h">
      <Filter>Src\Framework\Direct3D</Filter>
    </ClInclude>
    <ClInclude Include="Src\Framework\Direct3D\KdGLTFLoader.h">
      <Filter>Src\Framework\Direct3D</Filter>
    </ClInclude>
    <ClInclude Include="Src\Framework\Shader\KdShaderManager.h">
      <Filter>Src\Framework\Shader</Filter>
    </ClInclude>
    <ClInclude Include="Src\Framework\Shader\SpriteShader\KdSpriteShader.h">
      <Filter>Src\Framework\Shader\SpriteShader</Filter>
    </ClInclude>
    <ClInclude Include="src\Framework\Utility\KdUtility.h">
      <Filter>Src\Framework\Utility</Filter>
    </ClInclude>
    <ClInclude Include="src\Framework\KdFramework.h">
      <Filter>Src\Framework</Filter>
    </ClInclude>
    <ClInclude Include="..\Library\strconv.h">
      <Filter>Library</Filter>
    </ClInclude>
    <ClInclude Include="src\Framework\Window\KdWindow.h">
      <Filter>Src\Framework\Window</Filter>
    </ClInclude>
    <ClInclude Include="src\Framework\Direct3D\KdMesh.h">
      <Filter>Src\Framework\Direct3D</Filter>
    </ClInclude>
    <ClInclude Include="Src\Framework\Direct3D\KdModel.h">
      <Filter>Src\Framework\Direct3D</Filter>
    </ClInclude>
    <ClInclude Include="Src\Framework\Math\KdCollision.h">
      <Filter>Src\Framework\Math</Filter>
    </ClInclude>
    <ClInclude Include="Src\Framework\Math\KdAnimation.h">
      <Filter>Src\Framework\Math</Filter>
    </ClInclude>
    <ClInclude Include="Src\Framework\Audio\KdAudio.h">
      <Filter>Src\Framework\Audio</Filter>
    </ClInclude>
    <ClInclude Include="Src\Framework\Direct3D\KdCamera.h">
      <Filter>Src\Framework\Direct3D</Filter>
    </ClInclude>
    <ClInclude Include="Src\Framework\Shader\HD2DShader\KdHD2DShader.h">
      <Filter>Src\Framework\Shader\HD2DShader</Filter>
    </ClInclude>
    <ClInclude Include="Src\Framework\Shader\PostProcessShader\KdPostProcessShader.h">
      <Filter>Src\Framework\Shader\PostProcessShader</Filter>
    </ClInclude>
    <ClInclude Include="Src\Framework\Math\KdCollider.h">
      <Filter>Src\Framework\Math</Filter>
    </ClInclude>
    <ClInclude Include="Src\Framework\Math\KdEasing.h">
      <Filter>Src\Framework\Math</Filter>
    </ClInclude>
    <ClInclude Include="Src\Framework\GameObject\KdGameObject.h">
      <Filter>Src\Framework\GameObject</Filter>
    </ClInclude>
    <ClInclude Include="Src\Framework\GameObject\KdGameObjectFactory.h">
      <Filter>Src\Framework\GameObject</Filter>
    </ClInclude>
    <ClInclude Include="Src\Framework\Input\KdInput.h">
      <Filter>Src\Framework\Input</Filter>
    </ClInclude>
    <ClInclude Include="Src\Framework\Utility\KdCSVData.h">
      <Filter>Src\Framework\Utility</Filter>
    </ClInclude>
    <ClInclude Include="Src\Framework\Direct3D\Polygon\KdPolygon.h">
      <Filter>Src\Framework\Direct3D\Polygon</Filter>
    </ClInclude>
    <ClInclude Include="Src\Framework\Direct3D\Polygon\KdSquarePolygon.h">
      <Filter>Src\Framework\Direct3D\Polygon</Filter>
    </ClInclude>
    <ClInclude Include="Src\Framework\Direct3D\Polygon\KdTrailPolygon.h">
      <Filter>Src\Framework\Direct3D\Polygon</Filter>
    </ClInclude>
    <ClInclude Include="Src\Framework\Direct3D\KdMaterial.h">
      <Filter>Src\Framework\Direct3D</Filter>
    </ClInclude>
    <ClInclude Include="Src\Framework\Utility\KdDataStorage.h">
      <Filter>Src\Framework\Utility</Filter>
    </ClInclude>
    <ClInclude Include="Src\Framework\Shader\KdAmbientController.h">
      <Filter>Src\Framework\Shader</Filter>
    </ClInclude>
    <ClInclude Include="Src\Framework\Math\KdUVAnimation.h">
      <Filter>Src\Framework\Math</Filter>
    </ClInclude>
    <ClInclude Include="Src\Framework\Shader\KdRenderTargetChange.h">
      <Filter>Src\Framework\Shader</Filter>
    </ClInclude>
    <ClInclude Include="Src\Framework\Utility\KdFPSController.h">
      <Filter>Src\Framework\Utility</Filter>
    </ClInclude>
    <ClInclude Include="Src\Framework\Utility\KdDebugWireFrame.h">
      <Filter>Src\Framework\Utility</Filter>
    </ClInclude>
    <ClInclude Include="..\Library\json11KdCustom\json11.hpp">
      <Filter>Library</Filter>
    </ClInclude>
    <ClInclude Include="..\Library\imgui\imconfig.h">
      <Filter>Library\imgui</Filter>
    </ClInclude>
    <ClInclude Include="..\Library\imgui\imgui.h">
      <Filter>Library\imgui</Filter>
    </ClInclude>
    <ClInclude Include="..\Library\imgui\imgui_impl_dx11.h">
      <Filter>Library\imgui</Filter>
    </ClInclude>
    <ClInclude Include="..\Library\imgui\imgui_impl_win32.h">
      <Filter>Library\imgui</Filter>
    </ClInclude>
    <ClInclude Include="..\Library\imgui\imgui_internal.h">
      <Filter>Library\imgui</Filter>
    </ClInclude>
    <ClInclude Include="..\Library\imgui\imgui_stdlib.h">
      <Filter>Library\imgui</Filter>
    </ClInclude>
    <ClInclude Include="..\Library\imgui\imstb_rectpack.h">
      <Filter>Library\imgui</Filter>
    </ClInclude>
    <ClInclude Include="..\Library\imgui\imstb_textedit.h">
      <Filter>Library\imgui</Filter>
    </ClInclude>
    <ClInclude Include="..\Library\imgui\imstb_truetype.h">
      <Filter>Library\imgui</Filter>
    </ClInclude>
    <ClInclude Include="..\Library\imgui\ja_glyph_ranges.h">
      <Filter>Library\imgui</Filter>
    </ClInclude>
    <ClInclude Include="Src\Application\Scene\SceneManager.h">
      <Filter>Src\Application\Scene</Filter>
    </ClInclude>
    <ClInclude Include="Src\Application\Scene\BaseScene\BaseScene.h">
      <Filter>Src\Application\Scene\BaseScene</Filter>
    </ClInclude>
    <ClInclude Include="Src\Application\Scene\GameScene\GameScene.h">
      <Filter>Src\Application\Scene\GameScene</Filter>
    </ClInclude>
    <ClInclude Include="Src\Application\Scene\ResultScene\ResultScene.h">
      <Filter>Src\Application\Scene\ResultScene</Filter>
    </ClInclude>
    <ClInclude Include="Src\Application\Scene\TitleScene\TitleScene.h">
      <Filter>Src\Application\Scene\TitleScene</Filter>
    </ClInclude>
    <ClInclude Include="Src\Application\GameObject\Player\Player.h">
      <Filter>Src\Application\GameObject\Player</Filter>
    </ClInclude>
    <ClInclude Include="Src\Application\GameObject\Camera\TPSCamera\TPSCamera.h">
      <Filter>Src\Application\GameObject\Camera\TPSCamera</Filter>
    </ClInclude>
    <ClInclude Include="Src\Application\GameObject\Camera\CameraBase.h">
      <Filter>Src\Application\GameObject\Camera</Filter>
    </ClInclude>
    <ClInclude Include="Src\Application\GameObject\Ground\Ground.h">
      <Filter>Src\Application\GameObject\Ground</Filter>
    </ClInclude>
    <ClInclude Include="Src\Application\GameObject\Enemy\Enemy.h">
      <Filter>Src\Application\GameObject\Enemy</Filter>
    </ClInclude>
    <ClInclude Include="Src\Application\StatePattern\PlayerState\PlayerStatePattern.h">
      <Filter>Src\Application\StatePattern\PlayerState</Filter>
    </ClInclude>
    <ClInclude Include="Src\Application\StatePattern\PlayerState\PlayerState.h">
      <Filter>Src\Application\StatePattern\PlayerState</Filter>
    </ClInclude>
    <ClInclude Include="Src\Application\StatePattern\PlayerState\StateList\AttackState\AttackState.h">
      <Filter>Src\Application\StatePattern\PlayerState\StateList\AttackState</Filter>
    </ClInclude>
    <ClInclude Include="Src\Application\StatePattern\PlayerState\StateList\AvoidanceState\AvoidanceState.h">
      <Filter>Src\Application\StatePattern\PlayerState\StateList\AvoidanceState</Filter>
    </ClInclude>
    <ClInclude Include="Src\Application\StatePattern\PlayerState\StateList\DamageState\DamageState.h">
      <Filter>Src\Application\StatePattern\PlayerState\StateList\DamageState</Filter>
    </ClInclude>
    <ClInclude Include="Src\Application\StatePattern\PlayerState\StateList\IdleState\IdleState.h">
      <Filter>Src\Application\StatePattern\PlayerState\StateList\IdleState</Filter>
    </ClInclude>
    <ClInclude Include="Src\Application\StatePattern\PlayerState\StateList\JumpState\JumpState.h">
      <Filter>Src\Application\StatePattern\PlayerState\StateList\JumpState</Filter>
    </ClInclude>
    <ClInclude Include="Src\Application\StatePattern\PlayerState\StateList\LoseState\LoseState.h">
      <Filter>Src\Application\StatePattern\PlayerState\StateList\LoseState</Filter>
    </ClInclude>
    <ClInclude Include="Src\Application\StatePattern\PlayerState\StateList\RunState\RunState.h">
      <Filter>Src\Application\StatePattern\PlayerState\StateList\RunState</Filter>
    </ClInclude>
    <ClInclude Include="Src\Application\StatePattern\EnemyState\EnemyState.h">
      <Filter>Src\Application\StatePattern\EnemyState</Filter>
    </ClInclude>
    <ClInclude Include="Src\Application\StatePattern\EnemyState\EnemyStatePattern.h">
      <Filter>Src\Application\StatePattern\EnemyState</Filter>
    </ClInclude>
    <ClInclude Include="Src\Application\StatePattern\EnemyState\StateList\JumpState\EnemyJumpState.h">
      <Filter>Src\Application\StatePattern\EnemyState\StateList\JumpState</Filter>
    </ClInclude>
    <ClInclude Include="Src\Application\StatePattern\EnemyState\StateList\WalkState\EnemyWalkState.h">
      <Filter>Src\Application\StatePattern\EnemyState\StateList\WalkState</Filter>
    </ClInclude>
    <ClInclude Include="Src\Application\StatePattern\EnemyState\StateList\RushState\EnemyRushState.h">
      <Filter>Src\Application\StatePattern\EnemyState\StateList\RushState</Filter>
    </ClInclude>
    <ClInclude Include="Src\Application\StatePattern\EnemyState\StateList\IdleState\EnemyIdleState.h">
      <Filter>Src\Application\StatePattern\EnemyState\StateList\IdleState</Filter>
    </ClInclude>
    <ClInclude Include="Src\Application\GameObject\Sky\Sky.h">
      <Filter>Src\Application\GameObject\Sky</Filter>
    </ClInclude>
    <ClInclude Include="Src\Application\GameObject\UI\TitleUI\TitleUI.h">
      <Filter>Src\Application\GameObject\UI\TitleUI</Filter>
    </ClInclude>
    <ClInclude Include="Src\Application\GameObject\Camera\TitleCamera\TitleCamera.h">
      <Filter>Src\Application\GameObject\Camera\TitleCamera</Filter>
    </ClInclude>
  </ItemGroup>
  <ItemGroup>
    <ClCompile Include="src\Pch.cpp">
      <Filter>Src</Filter>
    </ClCompile>
    <ClCompile Include="Src\Application\main.cpp">
      <Filter>Src\Application</Filter>
    </ClCompile>
    <ClCompile Include="src\Framework\Direct3D\KdDirect3D.cpp">
      <Filter>Src\Framework\Direct3D</Filter>
    </ClCompile>
    <ClCompile Include="src\Framework\Direct3D\KdTexture.cpp">
      <Filter>Src\Framework\Direct3D</Filter>
    </ClCompile>
    <ClCompile Include="src\Framework\Direct3D\KdBuffer.cpp">
      <Filter>Src\Framework\Direct3D</Filter>
    </ClCompile>
    <ClCompile Include="Src\Framework\Direct3D\KdGLTFLoader.cpp">
      <Filter>Src\Framework\Direct3D</Filter>
    </ClCompile>
    <ClCompile Include="Src\Framework\Shader\KdShaderManager.cpp">
      <Filter>Src\Framework\Shader</Filter>
    </ClCompile>
    <ClCompile Include="Src\Framework\Shader\SpriteShader\KdSpriteShader.cpp">
      <Filter>Src\Framework\Shader\SpriteShader</Filter>
    </ClCompile>
    <ClCompile Include="src\Framework\Window\KdWindow.cpp">
      <Filter>Src\Framework\Window</Filter>
    </ClCompile>
    <ClCompile Include="Src\Framework\Utility\KdUtility.cpp">
      <Filter>Src\Framework\Utility</Filter>
    </ClCompile>
    <ClCompile Include="src\Framework\Direct3D\KdMesh.cpp">
      <Filter>Src\Framework\Direct3D</Filter>
    </ClCompile>
    <ClCompile Include="Src\Framework\Direct3D\KdModel.cpp">
      <Filter>Src\Framework\Direct3D</Filter>
    </ClCompile>
    <ClCompile Include="Src\Framework\Math\KdCollision.cpp">
      <Filter>Src\Framework\Math</Filter>
    </ClCompile>
    <ClCompile Include="Src\Framework\Math\KdAnimation.cpp">
      <Filter>Src\Framework\Math</Filter>
    </ClCompile>
    <ClCompile Include="Src\Framework\Audio\KdAudio.cpp">
      <Filter>Src\Framework\Audio</Filter>
    </ClCompile>
    <ClCompile Include="Src\Framework\Direct3D\KdCamera.cpp">
      <Filter>Src\Framework\Direct3D</Filter>
    </ClCompile>
    <ClCompile Include="Src\Framework\Shader\HD2DShader\KdHD2DShader.cpp">
      <Filter>Src\Framework\Shader\HD2DShader</Filter>
    </ClCompile>
    <ClCompile Include="Src\Framework\Shader\PostProcessShader\KdPostProcessShader.cpp">
      <Filter>Src\Framework\Shader\PostProcessShader</Filter>
    </ClCompile>
    <ClCompile Include="Src\Framework\Math\KdCollider.cpp">
      <Filter>Src\Framework\Math</Filter>
    </ClCompile>
    <ClCompile Include="Src\Framework\Math\KdEasing.cpp">
      <Filter>Src\Framework\Math</Filter>
    </ClCompile>
    <ClCompile Include="Src\Framework\GameObject\KdGameObject.cpp">
      <Filter>Src\Framework\GameObject</Filter>
    </ClCompile>
    <ClCompile Include="Src\Framework\GameObject\KdGameObjectFactory.cpp">
      <Filter>Src\Framework\GameObject</Filter>
    </ClCompile>
    <ClCompile Include="Src\Framework\Input\KdInput.cpp">
      <Filter>Src\Framework\Input</Filter>
    </ClCompile>
    <ClCompile Include="Src\Framework\Utility\KdCSVData.cpp">
      <Filter>Src\Framework\Utility</Filter>
    </ClCompile>
    <ClCompile Include="Src\Framework\Direct3D\Polygon\KdSquarePolygon.cpp">
      <Filter>Src\Framework\Direct3D\Polygon</Filter>
    </ClCompile>
    <ClCompile Include="Src\Framework\Direct3D\Polygon\KdTrailPolygon.cpp">
      <Filter>Src\Framework\Direct3D\Polygon</Filter>
    </ClCompile>
    <ClCompile Include="Src\Framework\Direct3D\KdMaterial.cpp">
      <Filter>Src\Framework\Direct3D</Filter>
    </ClCompile>
    <ClCompile Include="Src\Framework\Direct3D\Polygon\KdPolygon.cpp">
      <Filter>Src\Framework\Direct3D\Polygon</Filter>
    </ClCompile>
    <ClCompile Include="Src\Framework\Shader\KdAmbientController.cpp">
      <Filter>Src\Framework\Shader</Filter>
    </ClCompile>
    <ClCompile Include="Src\Framework\Math\KdUVAnimation.cpp">
      <Filter>Src\Framework\Math</Filter>
    </ClCompile>
    <ClCompile Include="Src\Framework\Shader\KdRenderTargetChange.cpp">
      <Filter>Src\Framework\Shader</Filter>
    </ClCompile>
    <ClCompile Include="Src\Framework\Utility\KdFPSController.cpp">
      <Filter>Src\Framework\Utility</Filter>
    </ClCompile>
    <ClCompile Include="Src\Framework\Utility\KdDebugWireFrame.cpp">
      <Filter>Src\Framework\Utility</Filter>
    </ClCompile>
    <ClCompile Include="..\Library\json11KdCustom\json11.cpp">
      <Filter>Library</Filter>
    </ClCompile>
    <ClCompile Include="..\Library\imgui\imgui.cpp">
      <Filter>Library\imgui</Filter>
    </ClCompile>
    <ClCompile Include="..\Library\imgui\imgui_demo.cpp">
      <Filter>Library\imgui</Filter>
    </ClCompile>
    <ClCompile Include="..\Library\imgui\imgui_draw.cpp">
      <Filter>Library\imgui</Filter>
    </ClCompile>
    <ClCompile Include="..\Library\imgui\imgui_impl_dx11.cpp">
      <Filter>Library\imgui</Filter>
    </ClCompile>
    <ClCompile Include="..\Library\imgui\imgui_impl_win32.cpp">
      <Filter>Library\imgui</Filter>
    </ClCompile>
    <ClCompile Include="..\Library\imgui\imgui_stdlib.cpp">
      <Filter>Library\imgui</Filter>
    </ClCompile>
    <ClCompile Include="..\Library\imgui\imgui_tables.cpp">
      <Filter>Library\imgui</Filter>
    </ClCompile>
    <ClCompile Include="..\Library\imgui\imgui_widgets.cpp">
      <Filter>Library\imgui</Filter>
    </ClCompile>
    <ClCompile Include="Src\Application\Scene\SceneManager.cpp">
      <Filter>Src\Application\Scene</Filter>
    </ClCompile>
    <ClCompile Include="Src\Application\Scene\BaseScene\BaseScene.cpp">
      <Filter>Src\Application\Scene\BaseScene</Filter>
    </ClCompile>
    <ClCompile Include="Src\Application\Scene\GameScene\GameScene.cpp">
      <Filter>Src\Application\Scene\GameScene</Filter>
    </ClCompile>
    <ClCompile Include="Src\Application\Scene\ResultScene\ResultScene.cpp">
      <Filter>Src\Application\Scene\ResultScene</Filter>
    </ClCompile>
    <ClCompile Include="Src\Application\Scene\TitleScene\TitleScene.cpp">
      <Filter>Src\Application\Scene\TitleScene</Filter>
    </ClCompile>
    <ClCompile Include="Src\Application\GameObject\Player\Player.cpp">
      <Filter>Src\Application\GameObject\Player</Filter>
    </ClCompile>
    <ClCompile Include="Src\Application\GameObject\Camera\TPSCamera\TPSCamera.cpp">
      <Filter>Src\Application\GameObject\Camera\TPSCamera</Filter>
    </ClCompile>
    <ClCompile Include="Src\Application\GameObject\Camera\CameraBase.cpp">
      <Filter>Src\Application\GameObject\Camera</Filter>
    </ClCompile>
    <ClCompile Include="Src\Application\GameObject\Ground\Ground.cpp">
      <Filter>Src\Application\GameObject\Ground</Filter>
    </ClCompile>
    <ClCompile Include="Src\Application\GameObject\Enemy\Enemy.cpp">
      <Filter>Src\Application\GameObject\Enemy</Filter>
    </ClCompile>
    <ClCompile Include="Src\Application\StatePattern\PlayerState\PlayerStatePattern.cpp">
      <Filter>Src\Application\StatePattern\PlayerState</Filter>
    </ClCompile>
    <ClCompile Include="Src\Application\StatePattern\PlayerState\StateList\AttackState\AttackState.cpp">
      <Filter>Src\Application\StatePattern\PlayerState\StateList\AttackState</Filter>
    </ClCompile>
    <ClCompile Include="Src\Application\StatePattern\PlayerState\StateList\AvoidanceState\AvoidanceState.cpp">
      <Filter>Src\Application\StatePattern\PlayerState\StateList\AvoidanceState</Filter>
    </ClCompile>
    <ClCompile Include="Src\Application\StatePattern\PlayerState\StateList\DamageState\DamageState.cpp">
      <Filter>Src\Application\StatePattern\PlayerState\StateList\DamageState</Filter>
    </ClCompile>
    <ClCompile Include="Src\Application\StatePattern\PlayerState\StateList\IdleState\IdleState.cpp">
      <Filter>Src\Application\StatePattern\PlayerState\StateList\IdleState</Filter>
    </ClCompile>
    <ClCompile Include="Src\Application\StatePattern\PlayerState\StateList\JumpState\JumpState.cpp">
      <Filter>Src\Application\StatePattern\PlayerState\StateList\JumpState</Filter>
    </ClCompile>
    <ClCompile Include="Src\Application\StatePattern\PlayerState\StateList\LoseState\LoseState.cpp">
      <Filter>Src\Application\StatePattern\PlayerState\StateList\LoseState</Filter>
    </ClCompile>
    <ClCompile Include="Src\Application\StatePattern\PlayerState\StateList\RunState\RunState.cpp">
      <Filter>Src\Application\StatePattern\PlayerState\StateList\RunState</Filter>
    </ClCompile>
    <ClCompile Include="Src\Application\StatePattern\EnemyState\EnemyStatePattern.cpp">
      <Filter>Src\Application\StatePattern\EnemyState</Filter>
    </ClCompile>
    <ClCompile Include="Src\Application\StatePattern\EnemyState\StateList\JumpState\EnemyJumpState.cpp">
      <Filter>Src\Application\StatePattern\EnemyState\StateList\JumpState</Filter>
    </ClCompile>
    <ClCompile Include="Src\Application\StatePattern\EnemyState\StateList\WalkState\EnemyWalkState.cpp">
      <Filter>Src\Application\StatePattern\EnemyState\StateList\WalkState</Filter>
    </ClCompile>
    <ClCompile Include="Src\Application\StatePattern\EnemyState\StateList\RushState\EnemyRushState.cpp">
      <Filter>Src\Application\StatePattern\EnemyState\StateList\RushState</Filter>
    </ClCompile>
    <ClCompile Include="Src\Application\StatePattern\EnemyState\StateList\IdleState\EnemyIdleState.cpp">
      <Filter>Src\Application\StatePattern\EnemyState\StateList\IdleState</Filter>
    </ClCompile>
    <ClCompile Include="Src\Application\GameObject\Sky\Sky.cpp">
      <Filter>Src\Application\GameObject\Sky</Filter>
    </ClCompile>
    <ClCompile Include="Src\Application\GameObject\UI\TitleUI\TitleUI.cpp">
      <Filter>Src\Application\GameObject\UI\TitleUI</Filter>
    </ClCompile>
    <ClCompile Include="Src\Application\GameObject\Camera\TitleCamera\TitleCamera.cpp">
      <Filter>Src\Application\GameObject\Camera\TitleCamera</Filter>
    </ClCompile>
  </ItemGroup>
  <ItemGroup>
    <None Include="Src\Framework\Shader\inc_KdCommon.hlsli">
      <Filter>Src\Framework\Shader</Filter>
    </None>
    <None Include="Src\Framework\Shader\SpriteShader\inc_KdSpriteShader.hlsli">
      <Filter>Src\Framework\Shader\SpriteShader</Filter>
    </None>
    <None Include="Src\Framework\Shader\HD2DShader\inc_KdHD2DShader.hlsli">
      <Filter>Src\Framework\Shader\HD2DShader</Filter>
    </None>
    <None Include="Src\Framework\Shader\PostProcessShader\inc_KdPostProcessShader.hlsli">
      <Filter>Src\Framework\Shader\PostProcessShader</Filter>
    </None>
    <None Include="Asset\Data\Json\Player\player.json">
      <Filter>Asset\Json\Player</Filter>
    </None>
  </ItemGroup>
  <ItemGroup>
    <FxCompile Include="Src\Framework\Shader\SpriteShader\KdSpriteShader_PS.hlsl">
      <Filter>Src\Framework\Shader\SpriteShader</Filter>
    </FxCompile>
    <FxCompile Include="Src\Framework\Shader\SpriteShader\KdSpriteShader_VS.hlsl">
      <Filter>Src\Framework\Shader\SpriteShader</Filter>
    </FxCompile>
    <FxCompile Include="Src\Framework\Shader\HD2DShader\KdHD2DShader_VS_Lit.hlsl">
      <Filter>Src\Framework\Shader\HD2DShader</Filter>
    </FxCompile>
    <FxCompile Include="Src\Framework\Shader\HD2DShader\KdHD2DShader_PS_Lit.hlsl">
      <Filter>Src\Framework\Shader\HD2DShader</Filter>
    </FxCompile>
    <FxCompile Include="Src\Framework\Shader\PostProcessShader\KdPostProcessShader_PS_Blur.hlsl">
      <Filter>Src\Framework\Shader\PostProcessShader</Filter>
    </FxCompile>
    <FxCompile Include="Src\Framework\Shader\PostProcessShader\KdPostProcessShader_VS.hlsl">
      <Filter>Src\Framework\Shader\PostProcessShader</Filter>
    </FxCompile>
    <FxCompile Include="Src\Framework\Shader\PostProcessShader\KdPostProcessShader_PS_DoF.hlsl">
      <Filter>Src\Framework\Shader\PostProcessShader</Filter>
    </FxCompile>
    <FxCompile Include="Src\Framework\Shader\PostProcessShader\KdPostProcessShader_PS_Bright.hlsl">
      <Filter>Src\Framework\Shader\PostProcessShader</Filter>
    </FxCompile>
    <FxCompile Include="Src\Framework\Shader\HD2DShader\KdHD2DShader_PS_GenDepthMapFromLight.hlsl">
      <Filter>Src\Framework\Shader\HD2DShader</Filter>
    </FxCompile>
    <FxCompile Include="Src\Framework\Shader\HD2DShader\KdHD2DShader_VS_GenDepthMapFromLight.hlsl">
      <Filter>Src\Framework\Shader\HD2DShader</Filter>
    </FxCompile>
    <FxCompile Include="Src\Framework\Shader\HD2DShader\KdHD2DShader_PS_UnLit.hlsl">
      <Filter>Src\Framework\Shader\HD2DShader</Filter>
    </FxCompile>
    <FxCompile Include="Src\Framework\Shader\HD2DShader\KdHD2DShader_VS_UnLit.hlsl">
      <Filter>Src\Framework\Shader\HD2DShader</Filter>
    </FxCompile>
    <FxCompile Include="Src\Framework\Shader\HD2DShader\KdHD2DShader_VS_GenDepthMapFromLight_Skin.hlsl">
      <Filter>Src\Framework\Shader\HD2DShader</Filter>
    </FxCompile>
    <FxCompile Include="Src\Framework\Shader\HD2DShader\KdHD2DShader_VS_Skin.hlsl">
      <Filter>Src\Framework\Shader\HD2DShader</Filter>
    </FxCompile>
  </ItemGroup>
</Project>